
Microsoft Visual Studio Solution File, Format Version 12.00
# Visual Studio 15
VisualStudioVersion = 15.0.28307.438
MinimumVisualStudioVersion = 10.0.40219.1
Project("{FAE04EC0-301F-11D3-BF4B-00C04F79EFBC}") = "WebApiDemo", "WebApiDemo\WebApiDemo.csproj", "{4BA1D963-8248-4B64-97A5-A8FAFD252900}"
EndProject
Project("{FAE04EC0-301F-11D3-BF4B-00C04F79EFBC}") = "BooksAPI", "BooksAPI\BooksAPI.csproj", "{959B3228-94C7-4148-A0AE-82FD1B8A7C29}"
EndProject
Global
	GlobalSection(SolutionConfigurationPlatforms) = preSolution
		Debug|Any CPU = Debug|Any CPU
		Release|Any CPU = Release|Any CPU
	EndGlobalSection
	GlobalSection(ProjectConfigurationPlatforms) = postSolution
		{4BA1D963-8248-4B64-97A5-A8FAFD252900}.Debug|Any CPU.ActiveCfg = Debug|Any CPU
		{4BA1D963-8248-4B64-97A5-A8FAFD252900}.Debug|Any CPU.Build.0 = Debug|Any CPU
		{4BA1D963-8248-4B64-97A5-A8FAFD252900}.Release|Any CPU.ActiveCfg = Release|Any CPU
		{4BA1D963-8248-4B64-97A5-A8FAFD252900}.Release|Any CPU.Build.0 = Release|Any CPU
		{959B3228-94C7-4148-A0AE-82FD1B8A7C29}.Debug|Any CPU.ActiveCfg = Debug|Any CPU
		{959B3228-94C7-4148-A0AE-82FD1B8A7C29}.Debug|Any CPU.Build.0 = Debug|Any CPU
		{959B3228-94C7-4148-A0AE-82FD1B8A7C29}.Release|Any CPU.ActiveCfg = Release|Any CPU
		{959B3228-94C7-4148-A0AE-82FD1B8A7C29}.Release|Any CPU.Build.0 = Release|Any CPU
	EndGlobalSection
	GlobalSection(SolutionProperties) = preSolution
		HideSolutionNode = FALSE
	EndGlobalSection
	GlobalSection(ExtensibilityGlobals) = postSolution
		SolutionGuid = {08F44E43-93CC-4E32-912F-5EB24D5A3D9A}
	EndGlobalSection
EndGlobal
